
Microsoft Visual Studio Solution File, Format Version 12.00
Project("{FAE04EC0-301F-11D3-BF4B-00C04F79EFBC}") = "Code-along", "Code-along.csproj", "{ACF0DBE5-03B3-4565-A86D-C803C2091D87}"
EndProject
Global
	GlobalSection(SolutionConfigurationPlatforms) = preSolution
		Debug|Any CPU = Debug|Any CPU
		Release|Any CPU = Release|Any CPU
	EndGlobalSection
	GlobalSection(ProjectConfigurationPlatforms) = postSolution
		{ACF0DBE5-03B3-4565-A86D-C803C2091D87}.Debug|Any CPU.ActiveCfg = Debug|Any CPU
		{ACF0DBE5-03B3-4565-A86D-C803C2091D87}.Debug|Any CPU.Build.0 = Debug|Any CPU
		{ACF0DBE5-03B3-4565-A86D-C803C2091D87}.Release|Any CPU.ActiveCfg = Release|Any CPU
		{ACF0DBE5-03B3-4565-A86D-C803C2091D87}.Release|Any CPU.Build.0 = Release|Any CPU
	EndGlobalSection
EndGlobal
